// !$*UTF8*$!
{
	archiveVersion = 1;
	classes = {
	};
	objectVersion = 56;
	objects = {

/* Begin PBXBuildFile section */
		A38B12E32B4EE879003D33D8 /* AppDelegate.swift in Sources */ = {isa = PBXBuildFile; fileRef = A38B12E22B4EE879003D33D8 /* AppDelegate.swift */; };
		A38B12E52B4EE879003D33D8 /* SceneDelegate.swift in Sources */ = {isa = PBXBuildFile; fileRef = A38B12E42B4EE879003D33D8 /* SceneDelegate.swift */; };
		A38B12EA2B4EE879003D33D8 /* Main.storyboard in Resources */ = {isa = PBXBuildFile; fileRef = A38B12E82B4EE879003D33D8 /* Main.storyboard */; };
		A38B12EC2B4EE87A003D33D8 /* Assets.xcassets in Resources */ = {isa = PBXBuildFile; fileRef = A38B12EB2B4EE87A003D33D8 /* Assets.xcassets */; };
		A38B12EF2B4EE87A003D33D8 /* LaunchScreen.storyboard in Resources */ = {isa = PBXBuildFile; fileRef = A38B12ED2B4EE87A003D33D8 /* LaunchScreen.storyboard */; };
		A38B12F92B4EEB65003D33D8 /* Pokemon.swift in Sources */ = {isa = PBXBuildFile; fileRef = A38B12F82B4EEB65003D33D8 /* Pokemon.swift */; };
		A38B12FC2B4EED69003D33D8 /* PokemonTypeContainer.swift in Sources */ = {isa = PBXBuildFile; fileRef = A38B12FB2B4EED69003D33D8 /* PokemonTypeContainer.swift */; };
		A38B12FE2B4EED7C003D33D8 /* PokemonType.swift in Sources */ = {isa = PBXBuildFile; fileRef = A38B12FD2B4EED7C003D33D8 /* PokemonType.swift */; };
		A38B13002B4EED94003D33D8 /* PokemonSprites.swift in Sources */ = {isa = PBXBuildFile; fileRef = A38B12FF2B4EED94003D33D8 /* PokemonSprites.swift */; };
		A38B13032B4EEE28003D33D8 /* PokemonController.swift in Sources */ = {isa = PBXBuildFile; fileRef = A38B13022B4EEE28003D33D8 /* PokemonController.swift */; };
		A38B13052B4EEFB1003D33D8 /* PokemonGenericSearch.swift in Sources */ = {isa = PBXBuildFile; fileRef = A38B13042B4EEFB1003D33D8 /* PokemonGenericSearch.swift */; };
		A38B13072B4EEFF5003D33D8 /* PokemonGenericSearchResults.swift in Sources */ = {isa = PBXBuildFile; fileRef = A38B13062B4EEFF5003D33D8 /* PokemonGenericSearchResults.swift */; };
		A38B13092B4EF1CB003D33D8 /* API.swift in Sources */ = {isa = PBXBuildFile; fileRef = A38B13082B4EF1CB003D33D8 /* API.swift */; };
		A38B130D2B4EFBD5003D33D8 /* UIImageViewExtension.swift in Sources */ = {isa = PBXBuildFile; fileRef = A38B130C2B4EFBD5003D33D8 /* UIImageViewExtension.swift */; };
		E1FD8A812BE07A92007D96DE /* MyTeamTableViewCell.swift in Sources */ = {isa = PBXBuildFile; fileRef = E1FD8A7F2BE07A92007D96DE /* MyTeamTableViewCell.swift */; };
		E1FD8A822BE07A92007D96DE /* MyTeamTableViewCell.xib in Resources */ = {isa = PBXBuildFile; fileRef = E1FD8A802BE07A92007D96DE /* MyTeamTableViewCell.xib */; };
		E1FD8A842BE13A7D007D96DE /* MyTeamController.swift in Sources */ = {isa = PBXBuildFile; fileRef = E1FD8A832BE13A7D007D96DE /* MyTeamController.swift */; };
		E1FD8A862BEBC000007D96DE /* MyTeamDetailView.storyboard in Resources */ = {isa = PBXBuildFile; fileRef = E1FD8A852BEBC000007D96DE /* MyTeamDetailView.storyboard */; };
		E1FD8A882BEBC05D007D96DE /* TeamDetailViewController.swift in Sources */ = {isa = PBXBuildFile; fileRef = E1FD8A872BEBC05D007D96DE /* TeamDetailViewController.swift */; };
		E1FD8A8D2BEBCED2007D96DE /* PokemonGb-RAeo.ttf in Resources */ = {isa = PBXBuildFile; fileRef = E1FD8A8C2BEBCED2007D96DE /* PokemonGb-RAeo.ttf */; };
		EA101FF52BD6BF070089F0BE /* EvolutionChain.swift in Sources */ = {isa = PBXBuildFile; fileRef = EA101FF42BD6BF070089F0BE /* EvolutionChain.swift */; };
		EA3BA81C2BD2BB1800E35E6A /* DamageRelations.swift in Sources */ = {isa = PBXBuildFile; fileRef = EA3BA81B2BD2BB1800E35E6A /* DamageRelations.swift */; };
		EA79C4132BE291F500FF1CE6 /* PokemonSpecies.swift in Sources */ = {isa = PBXBuildFile; fileRef = EA79C4122BE291F500FF1CE6 /* PokemonSpecies.swift */; };
		EA934D772BCECDD10070EFC7 /* PokemonCell.swift in Sources */ = {isa = PBXBuildFile; fileRef = EA934D762BCECDD10070EFC7 /* PokemonCell.swift */; };
		EAD349592BCEB9AD00F74282 /* PokemonCell.xib in Resources */ = {isa = PBXBuildFile; fileRef = EAD349582BCEB9AD00F74282 /* PokemonCell.xib */; };
		EADF971E2BDBFCFF00E90AC5 /* Moves.swift in Sources */ = {isa = PBXBuildFile; fileRef = EADF971D2BDBFCFF00E90AC5 /* Moves.swift */; };
		EADF97212BDC01D700E90AC5 /* PokemonAttributeContainer.swift in Sources */ = {isa = PBXBuildFile; fileRef = EADF97202BDC01D700E90AC5 /* PokemonAttributeContainer.swift */; };
		EADF97252BDC055400E90AC5 /* PokemonSpeciesContainer.swift in Sources */ = {isa = PBXBuildFile; fileRef = EADF97242BDC055400E90AC5 /* PokemonSpeciesContainer.swift */; };
		EADF97272BDC0A0F00E90AC5 /* PokemonAttribute.swift in Sources */ = {isa = PBXBuildFile; fileRef = EADF97262BDC0A0F00E90AC5 /* PokemonAttribute.swift */; };
		F7370D7C2BEA7CF100099A38 /* MovesView.storyboard in Resources */ = {isa = PBXBuildFile; fileRef = F7370D7B2BEA7CF100099A38 /* MovesView.storyboard */; };
		F7370D7E2BEA7D2C00099A38 /* MovesViewController.swift in Sources */ = {isa = PBXBuildFile; fileRef = F7370D7D2BEA7D2C00099A38 /* MovesViewController.swift */; };
		F7370D802BEBBE4B00099A38 /* PokemonMovesCell.xib in Resources */ = {isa = PBXBuildFile; fileRef = F7370D7F2BEBBE4B00099A38 /* PokemonMovesCell.xib */; };
		F7370D822BEBBE9700099A38 /* PokemonMovesCell.swift in Sources */ = {isa = PBXBuildFile; fileRef = F7370D812BEBBE9700099A38 /* PokemonMovesCell.swift */; };
		F74E6BA32BD2B503001E3C27 /* PokemonDetailView.storyboard in Resources */ = {isa = PBXBuildFile; fileRef = F74E6BA22BD2B503001E3C27 /* PokemonDetailView.storyboard */; };
		F74E6BA52BD2B516001E3C27 /* PokemonDetailViewController.swift in Sources */ = {isa = PBXBuildFile; fileRef = F74E6BA42BD2B516001E3C27 /* PokemonDetailViewController.swift */; };
		F74E6BA92BD2C066001E3C27 /* PokemonStatusChart.swift in Sources */ = {isa = PBXBuildFile; fileRef = F74E6BA82BD2C066001E3C27 /* PokemonStatusChart.swift */; };
		F7597CE02BD6C1CE00F2816A /* FavoritesView.storyboard in Resources */ = {isa = PBXBuildFile; fileRef = F7597CDF2BD6C1CE00F2816A /* FavoritesView.storyboard */; };
		F7597CE22BD6C1F100F2816A /* FavoritesViewController.swift in Sources */ = {isa = PBXBuildFile; fileRef = F7597CE12BD6C1F100F2816A /* FavoritesViewController.swift */; };
		F7597CE42BD808D800F2816A /* FavoriteController.swift in Sources */ = {isa = PBXBuildFile; fileRef = F7597CE32BD808D800F2816A /* FavoriteController.swift */; };
		F78027C02BD2F5BB0090B631 /* RoundedShape.swift in Sources */ = {isa = PBXBuildFile; fileRef = F78027BF2BD2F5BB0090B631 /* RoundedShape.swift */; };
		F78027C32BD2FA9E0090B631 /* PokemonTypesView.swift in Sources */ = {isa = PBXBuildFile; fileRef = F78027C22BD2FA9E0090B631 /* PokemonTypesView.swift */; };
		F78027CA2BD30B740090B631 /* PokemonImageView.swift in Sources */ = {isa = PBXBuildFile; fileRef = F78027C92BD30B740090B631 /* PokemonImageView.swift */; };
		F7E56FBD2BED27C600F038EE /* PixelFont.swift in Sources */ = {isa = PBXBuildFile; fileRef = F7E56FBC2BED27C600F038EE /* PixelFont.swift */; };
		F7EDCAA42BCECCBD000EAAD1 /* TabBarViewController.swift in Sources */ = {isa = PBXBuildFile; fileRef = F7EDCAA32BCECCBD000EAAD1 /* TabBarViewController.swift */; };
		F7EDCAA82BCED1D2000EAAD1 /* SearchViewController.swift in Sources */ = {isa = PBXBuildFile; fileRef = F7EDCAA72BCED1D2000EAAD1 /* SearchViewController.swift */; };
		F7EDCAAC2BCED297000EAAD1 /* SearchView.storyboard in Resources */ = {isa = PBXBuildFile; fileRef = F7EDCAAB2BCED297000EAAD1 /* SearchView.storyboard */; };
		F7EDCAAE2BCED6D3000EAAD1 /* MyTeamViewController.swift in Sources */ = {isa = PBXBuildFile; fileRef = F7EDCAAD2BCED6D3000EAAD1 /* MyTeamViewController.swift */; };
		F7EDCAB02BCEDD15000EAAD1 /* MyTeamView.storyboard in Resources */ = {isa = PBXBuildFile; fileRef = F7EDCAAF2BCEDD15000EAAD1 /* MyTeamView.storyboard */; };
/* End PBXBuildFile section */

/* Begin PBXFileReference section */
		A38B12DF2B4EE879003D33D8 /* Pokedex.app */ = {isa = PBXFileReference; explicitFileType = wrapper.application; includeInIndex = 0; path = Pokedex.app; sourceTree = BUILT_PRODUCTS_DIR; };
		A38B12E22B4EE879003D33D8 /* AppDelegate.swift */ = {isa = PBXFileReference; lastKnownFileType = sourcecode.swift; path = AppDelegate.swift; sourceTree = "<group>"; };
		A38B12E42B4EE879003D33D8 /* SceneDelegate.swift */ = {isa = PBXFileReference; lastKnownFileType = sourcecode.swift; path = SceneDelegate.swift; sourceTree = "<group>"; };
		A38B12E92B4EE879003D33D8 /* Base */ = {isa = PBXFileReference; lastKnownFileType = file.storyboard; name = Base; path = Base.lproj/Main.storyboard; sourceTree = "<group>"; };
		A38B12EB2B4EE87A003D33D8 /* Assets.xcassets */ = {isa = PBXFileReference; lastKnownFileType = folder.assetcatalog; path = Assets.xcassets; sourceTree = "<group>"; };
		A38B12EE2B4EE87A003D33D8 /* Base */ = {isa = PBXFileReference; lastKnownFileType = file.storyboard; name = Base; path = Base.lproj/LaunchScreen.storyboard; sourceTree = "<group>"; };
		A38B12F02B4EE87A003D33D8 /* Info.plist */ = {isa = PBXFileReference; lastKnownFileType = text.plist.xml; path = Info.plist; sourceTree = "<group>"; };
		A38B12F82B4EEB65003D33D8 /* Pokemon.swift */ = {isa = PBXFileReference; lastKnownFileType = sourcecode.swift; path = Pokemon.swift; sourceTree = "<group>"; };
		A38B12FB2B4EED69003D33D8 /* PokemonTypeContainer.swift */ = {isa = PBXFileReference; lastKnownFileType = sourcecode.swift; path = PokemonTypeContainer.swift; sourceTree = "<group>"; };
		A38B12FD2B4EED7C003D33D8 /* PokemonType.swift */ = {isa = PBXFileReference; lastKnownFileType = sourcecode.swift; path = PokemonType.swift; sourceTree = "<group>"; };
		A38B12FF2B4EED94003D33D8 /* PokemonSprites.swift */ = {isa = PBXFileReference; lastKnownFileType = sourcecode.swift; path = PokemonSprites.swift; sourceTree = "<group>"; };
		A38B13022B4EEE28003D33D8 /* PokemonController.swift */ = {isa = PBXFileReference; lastKnownFileType = sourcecode.swift; path = PokemonController.swift; sourceTree = "<group>"; };
		A38B13042B4EEFB1003D33D8 /* PokemonGenericSearch.swift */ = {isa = PBXFileReference; lastKnownFileType = sourcecode.swift; path = PokemonGenericSearch.swift; sourceTree = "<group>"; };
		A38B13062B4EEFF5003D33D8 /* PokemonGenericSearchResults.swift */ = {isa = PBXFileReference; lastKnownFileType = sourcecode.swift; path = PokemonGenericSearchResults.swift; sourceTree = "<group>"; };
		A38B13082B4EF1CB003D33D8 /* API.swift */ = {isa = PBXFileReference; lastKnownFileType = sourcecode.swift; path = API.swift; sourceTree = "<group>"; };
		A38B130C2B4EFBD5003D33D8 /* UIImageViewExtension.swift */ = {isa = PBXFileReference; lastKnownFileType = sourcecode.swift; path = UIImageViewExtension.swift; sourceTree = "<group>"; };
		E1FD8A7F2BE07A92007D96DE /* MyTeamTableViewCell.swift */ = {isa = PBXFileReference; lastKnownFileType = sourcecode.swift; path = MyTeamTableViewCell.swift; sourceTree = "<group>"; };
		E1FD8A802BE07A92007D96DE /* MyTeamTableViewCell.xib */ = {isa = PBXFileReference; lastKnownFileType = file.xib; path = MyTeamTableViewCell.xib; sourceTree = "<group>"; };
		E1FD8A832BE13A7D007D96DE /* MyTeamController.swift */ = {isa = PBXFileReference; lastKnownFileType = sourcecode.swift; path = MyTeamController.swift; sourceTree = "<group>"; };
		E1FD8A852BEBC000007D96DE /* MyTeamDetailView.storyboard */ = {isa = PBXFileReference; lastKnownFileType = file.storyboard; path = MyTeamDetailView.storyboard; sourceTree = "<group>"; };
		E1FD8A872BEBC05D007D96DE /* TeamDetailViewController.swift */ = {isa = PBXFileReference; lastKnownFileType = sourcecode.swift; path = TeamDetailViewController.swift; sourceTree = "<group>"; };
		E1FD8A8C2BEBCED2007D96DE /* PokemonGb-RAeo.ttf */ = {isa = PBXFileReference; lastKnownFileType = file; path = "PokemonGb-RAeo.ttf"; sourceTree = "<group>"; };
		EA101FF42BD6BF070089F0BE /* EvolutionChain.swift */ = {isa = PBXFileReference; lastKnownFileType = sourcecode.swift; path = EvolutionChain.swift; sourceTree = "<group>"; };
		EA3BA81B2BD2BB1800E35E6A /* DamageRelations.swift */ = {isa = PBXFileReference; lastKnownFileType = sourcecode.swift; path = DamageRelations.swift; sourceTree = "<group>"; };
		EA79C4122BE291F500FF1CE6 /* PokemonSpecies.swift */ = {isa = PBXFileReference; lastKnownFileType = sourcecode.swift; path = PokemonSpecies.swift; sourceTree = "<group>"; };
		EA934D762BCECDD10070EFC7 /* PokemonCell.swift */ = {isa = PBXFileReference; lastKnownFileType = sourcecode.swift; path = PokemonCell.swift; sourceTree = "<group>"; };
		EAD349582BCEB9AD00F74282 /* PokemonCell.xib */ = {isa = PBXFileReference; lastKnownFileType = file.xib; path = PokemonCell.xib; sourceTree = "<group>"; };
		EADF971D2BDBFCFF00E90AC5 /* Moves.swift */ = {isa = PBXFileReference; lastKnownFileType = sourcecode.swift; path = Moves.swift; sourceTree = "<group>"; };
		EADF97202BDC01D700E90AC5 /* PokemonAttributeContainer.swift */ = {isa = PBXFileReference; lastKnownFileType = sourcecode.swift; path = PokemonAttributeContainer.swift; sourceTree = "<group>"; };
		EADF97242BDC055400E90AC5 /* PokemonSpeciesContainer.swift */ = {isa = PBXFileReference; lastKnownFileType = sourcecode.swift; path = PokemonSpeciesContainer.swift; sourceTree = "<group>"; };
		EADF97262BDC0A0F00E90AC5 /* PokemonAttribute.swift */ = {isa = PBXFileReference; lastKnownFileType = sourcecode.swift; path = PokemonAttribute.swift; sourceTree = "<group>"; };
		F7370D7B2BEA7CF100099A38 /* MovesView.storyboard */ = {isa = PBXFileReference; lastKnownFileType = file.storyboard; path = MovesView.storyboard; sourceTree = "<group>"; };
		F7370D7D2BEA7D2C00099A38 /* MovesViewController.swift */ = {isa = PBXFileReference; lastKnownFileType = sourcecode.swift; path = MovesViewController.swift; sourceTree = "<group>"; };
		F7370D7F2BEBBE4B00099A38 /* PokemonMovesCell.xib */ = {isa = PBXFileReference; lastKnownFileType = file.xib; path = PokemonMovesCell.xib; sourceTree = "<group>"; };
		F7370D812BEBBE9700099A38 /* PokemonMovesCell.swift */ = {isa = PBXFileReference; lastKnownFileType = sourcecode.swift; path = PokemonMovesCell.swift; sourceTree = "<group>"; };
		F74E6BA22BD2B503001E3C27 /* PokemonDetailView.storyboard */ = {isa = PBXFileReference; lastKnownFileType = file.storyboard; path = PokemonDetailView.storyboard; sourceTree = "<group>"; };
		F74E6BA42BD2B516001E3C27 /* PokemonDetailViewController.swift */ = {isa = PBXFileReference; lastKnownFileType = sourcecode.swift; path = PokemonDetailViewController.swift; sourceTree = "<group>"; };
		F74E6BA82BD2C066001E3C27 /* PokemonStatusChart.swift */ = {isa = PBXFileReference; lastKnownFileType = sourcecode.swift; path = PokemonStatusChart.swift; sourceTree = "<group>"; };
		F7597CDF2BD6C1CE00F2816A /* FavoritesView.storyboard */ = {isa = PBXFileReference; lastKnownFileType = file.storyboard; path = FavoritesView.storyboard; sourceTree = "<group>"; };
		F7597CE12BD6C1F100F2816A /* FavoritesViewController.swift */ = {isa = PBXFileReference; lastKnownFileType = sourcecode.swift; path = FavoritesViewController.swift; sourceTree = "<group>"; };
		F7597CE32BD808D800F2816A /* FavoriteController.swift */ = {isa = PBXFileReference; lastKnownFileType = sourcecode.swift; path = FavoriteController.swift; sourceTree = "<group>"; };
		F78027BF2BD2F5BB0090B631 /* RoundedShape.swift */ = {isa = PBXFileReference; lastKnownFileType = sourcecode.swift; path = RoundedShape.swift; sourceTree = "<group>"; };
		F78027C22BD2FA9E0090B631 /* PokemonTypesView.swift */ = {isa = PBXFileReference; lastKnownFileType = sourcecode.swift; path = PokemonTypesView.swift; sourceTree = "<group>"; };
		F78027C92BD30B740090B631 /* PokemonImageView.swift */ = {isa = PBXFileReference; lastKnownFileType = sourcecode.swift; path = PokemonImageView.swift; sourceTree = "<group>"; };
		F7E56FBC2BED27C600F038EE /* PixelFont.swift */ = {isa = PBXFileReference; lastKnownFileType = sourcecode.swift; path = PixelFont.swift; sourceTree = "<group>"; };
		F7EDCAA32BCECCBD000EAAD1 /* TabBarViewController.swift */ = {isa = PBXFileReference; lastKnownFileType = sourcecode.swift; path = TabBarViewController.swift; sourceTree = "<group>"; };
		F7EDCAA72BCED1D2000EAAD1 /* SearchViewController.swift */ = {isa = PBXFileReference; lastKnownFileType = sourcecode.swift; path = SearchViewController.swift; sourceTree = "<group>"; };
		F7EDCAAB2BCED297000EAAD1 /* SearchView.storyboard */ = {isa = PBXFileReference; lastKnownFileType = file.storyboard; path = SearchView.storyboard; sourceTree = "<group>"; };
		F7EDCAAD2BCED6D3000EAAD1 /* MyTeamViewController.swift */ = {isa = PBXFileReference; lastKnownFileType = sourcecode.swift; path = MyTeamViewController.swift; sourceTree = "<group>"; };
		F7EDCAAF2BCEDD15000EAAD1 /* MyTeamView.storyboard */ = {isa = PBXFileReference; lastKnownFileType = file.storyboard; path = MyTeamView.storyboard; sourceTree = "<group>"; };
/* End PBXFileReference section */

/* Begin PBXFrameworksBuildPhase section */
		A38B12DC2B4EE879003D33D8 /* Frameworks */ = {
			isa = PBXFrameworksBuildPhase;
			buildActionMask = 2147483647;
			files = (
			);
			runOnlyForDeploymentPostprocessing = 0;
		};
/* End PBXFrameworksBuildPhase section */

/* Begin PBXGroup section */
		A38B12D62B4EE879003D33D8 = {
			isa = PBXGroup;
			children = (
				A38B12E12B4EE879003D33D8 /* Pokedex */,
				A38B12E02B4EE879003D33D8 /* Products */,
			);
			sourceTree = "<group>";
		};
		A38B12E02B4EE879003D33D8 /* Products */ = {
			isa = PBXGroup;
			children = (
				A38B12DF2B4EE879003D33D8 /* Pokedex.app */,
			);
			name = Products;
			sourceTree = "<group>";
		};
		A38B12E12B4EE879003D33D8 /* Pokedex */ = {
			isa = PBXGroup;
			children = (
				A38B130E2B4EFD52003D33D8 /* ViewControllers */,
				F7370D832BEBBEA200099A38 /* PokemonMovesCell */,
				A38B13012B4EEE09003D33D8 /* Controllers */,
				A38B12FA2B4EED3C003D33D8 /* Models */,
				F78027C12BD2F5C40090B631 /* Extentions */,
				A38B12E22B4EE879003D33D8 /* AppDelegate.swift */,
				A38B12E42B4EE879003D33D8 /* SceneDelegate.swift */,
				A38B12E82B4EE879003D33D8 /* Main.storyboard */,
				F7EDCAAB2BCED297000EAAD1 /* SearchView.storyboard */,
				F74E6BA22BD2B503001E3C27 /* PokemonDetailView.storyboard */,
				F7370D7B2BEA7CF100099A38 /* MovesView.storyboard */,
				F7597CDF2BD6C1CE00F2816A /* FavoritesView.storyboard */,
				A38B12EB2B4EE87A003D33D8 /* Assets.xcassets */,
				A38B12ED2B4EE87A003D33D8 /* LaunchScreen.storyboard */,
				A38B12F02B4EE87A003D33D8 /* Info.plist */,
			);
			path = Pokedex;
			sourceTree = "<group>";
		};
		A38B12FA2B4EED3C003D33D8 /* Models */ = {
			isa = PBXGroup;
			children = (
				EADF971F2BDC01A300E90AC5 /* Species */,
				A38B12F82B4EEB65003D33D8 /* Pokemon.swift */,
				A38B12FB2B4EED69003D33D8 /* PokemonTypeContainer.swift */,
				A38B12FD2B4EED7C003D33D8 /* PokemonType.swift */,
				A38B12FF2B4EED94003D33D8 /* PokemonSprites.swift */,
				A38B13042B4EEFB1003D33D8 /* PokemonGenericSearch.swift */,
				A38B13062B4EEFF5003D33D8 /* PokemonGenericSearchResults.swift */,
				A38B13082B4EF1CB003D33D8 /* API.swift */,
				A38B130C2B4EFBD5003D33D8 /* UIImageViewExtension.swift */,
				EA3BA81B2BD2BB1800E35E6A /* DamageRelations.swift */,
				EA101FF42BD6BF070089F0BE /* EvolutionChain.swift */,
				EADF971D2BDBFCFF00E90AC5 /* Moves.swift */,
			);
			path = Models;
			sourceTree = "<group>";
		};
		A38B13012B4EEE09003D33D8 /* Controllers */ = {
			isa = PBXGroup;
			children = (
				A38B13022B4EEE28003D33D8 /* PokemonController.swift */,
				F7597CE32BD808D800F2816A /* FavoriteController.swift */,
				E1FD8A832BE13A7D007D96DE /* MyTeamController.swift */,
			);
			path = Controllers;
			sourceTree = "<group>";
		};
		A38B130E2B4EFD52003D33D8 /* ViewControllers */ = {
			isa = PBXGroup;
			children = (
				F7370D7D2BEA7D2C00099A38 /* MovesViewController.swift */,
				F7EDCAA32BCECCBD000EAAD1 /* TabBarViewController.swift */,
				F7EDCAA72BCED1D2000EAAD1 /* SearchViewController.swift */,
				E1FD8A8A2BEBC08C007D96DE /* Team */,
				F7597CE12BD6C1F100F2816A /* FavoritesViewController.swift */,
				E1FD8A7E2BE07A7B007D96DE /* MyTeamCell */,
				EA934D752BCECD890070EFC7 /* PokemonCell */,
				F78027C42BD2FAA40090B631 /* DetailView */,
			);
			path = ViewControllers;
			sourceTree = "<group>";
		};
		E1FD8A7E2BE07A7B007D96DE /* MyTeamCell */ = {
			isa = PBXGroup;
			children = (
				E1FD8A7F2BE07A92007D96DE /* MyTeamTableViewCell.swift */,
				E1FD8A802BE07A92007D96DE /* MyTeamTableViewCell.xib */,
			);
			path = MyTeamCell;
			sourceTree = "<group>";
		};
		E1FD8A8A2BEBC08C007D96DE /* Team */ = {
			isa = PBXGroup;
			children = (
				F7EDCAAD2BCED6D3000EAAD1 /* MyTeamViewController.swift */,
				E1FD8A872BEBC05D007D96DE /* TeamDetailViewController.swift */,
				F7EDCAAF2BCEDD15000EAAD1 /* MyTeamView.storyboard */,
				E1FD8A852BEBC000007D96DE /* MyTeamDetailView.storyboard */,
			);
			path = Team;
			sourceTree = "<group>";
		};
		E1FD8A8B2BEBCEAE007D96DE /* CustomFont */ = {
			isa = PBXGroup;
			children = (
				F7E56FBC2BED27C600F038EE /* PixelFont.swift */,
				E1FD8A8C2BEBCED2007D96DE /* PokemonGb-RAeo.ttf */,
			);
			path = CustomFont;
			sourceTree = "<group>";
		};
		EA934D752BCECD890070EFC7 /* PokemonCell */ = {
			isa = PBXGroup;
			children = (
				EAD349582BCEB9AD00F74282 /* PokemonCell.xib */,
				EA934D762BCECDD10070EFC7 /* PokemonCell.swift */,
			);
			path = PokemonCell;
			sourceTree = "<group>";
		};
		EADF971F2BDC01A300E90AC5 /* Species */ = {
			isa = PBXGroup;
			children = (
				EADF97242BDC055400E90AC5 /* PokemonSpeciesContainer.swift */,
				EADF97202BDC01D700E90AC5 /* PokemonAttributeContainer.swift */,
				EADF97262BDC0A0F00E90AC5 /* PokemonAttribute.swift */,
				EA79C4122BE291F500FF1CE6 /* PokemonSpecies.swift */,
			);
			path = Species;
			sourceTree = "<group>";
		};
		F7370D832BEBBEA200099A38 /* PokemonMovesCell */ = {
			isa = PBXGroup;
			children = (
				F7370D7F2BEBBE4B00099A38 /* PokemonMovesCell.xib */,
				F7370D812BEBBE9700099A38 /* PokemonMovesCell.swift */,
			);
			path = PokemonMovesCell;
			sourceTree = "<group>";
		};
		F78027C12BD2F5C40090B631 /* Extentions */ = {
			isa = PBXGroup;
			children = (
				E1FD8A8B2BEBCEAE007D96DE /* CustomFont */,
				F78027BF2BD2F5BB0090B631 /* RoundedShape.swift */,
			);
			path = Extentions;
			sourceTree = "<group>";
		};
		F78027C42BD2FAA40090B631 /* DetailView */ = {
			isa = PBXGroup;
			children = (
				F74E6BA42BD2B516001E3C27 /* PokemonDetailViewController.swift */,
				F74E6BA82BD2C066001E3C27 /* PokemonStatusChart.swift */,
				F78027C22BD2FA9E0090B631 /* PokemonTypesView.swift */,
				F78027C92BD30B740090B631 /* PokemonImageView.swift */,
			);
			path = DetailView;
			sourceTree = "<group>";
		};
/* End PBXGroup section */

/* Begin PBXNativeTarget section */
		A38B12DE2B4EE879003D33D8 /* Pokedex */ = {
			isa = PBXNativeTarget;
			buildConfigurationList = A38B12F32B4EE87A003D33D8 /* Build configuration list for PBXNativeTarget "Pokedex" */;
			buildPhases = (
				A38B12DB2B4EE879003D33D8 /* Sources */,
				A38B12DC2B4EE879003D33D8 /* Frameworks */,
				A38B12DD2B4EE879003D33D8 /* Resources */,
			);
			buildRules = (
			);
			dependencies = (
			);
			name = Pokedex;
			productName = Pokedex;
			productReference = A38B12DF2B4EE879003D33D8 /* Pokedex.app */;
			productType = "com.apple.product-type.application";
		};
/* End PBXNativeTarget section */

/* Begin PBXProject section */
		A38B12D72B4EE879003D33D8 /* Project object */ = {
			isa = PBXProject;
			attributes = {
				BuildIndependentTargetsInParallel = 1;
				LastSwiftUpdateCheck = 1500;
				LastUpgradeCheck = 1500;
				TargetAttributes = {
					A38B12DE2B4EE879003D33D8 = {
						CreatedOnToolsVersion = 15.0.1;
					};
				};
			};
			buildConfigurationList = A38B12DA2B4EE879003D33D8 /* Build configuration list for PBXProject "Pokedex" */;
			compatibilityVersion = "Xcode 14.0";
			developmentRegion = en;
			hasScannedForEncodings = 0;
			knownRegions = (
				en,
				Base,
			);
			mainGroup = A38B12D62B4EE879003D33D8;
			productRefGroup = A38B12E02B4EE879003D33D8 /* Products */;
			projectDirPath = "";
			projectRoot = "";
			targets = (
				A38B12DE2B4EE879003D33D8 /* Pokedex */,
			);
		};
/* End PBXProject section */

/* Begin PBXResourcesBuildPhase section */
		A38B12DD2B4EE879003D33D8 /* Resources */ = {
			isa = PBXResourcesBuildPhase;
			buildActionMask = 2147483647;
			files = (
				F74E6BA32BD2B503001E3C27 /* PokemonDetailView.storyboard in Resources */,
				F7EDCAAC2BCED297000EAAD1 /* SearchView.storyboard in Resources */,
				A38B12EF2B4EE87A003D33D8 /* LaunchScreen.storyboard in Resources */,
				EAD349592BCEB9AD00F74282 /* PokemonCell.xib in Resources */,
				F7370D7C2BEA7CF100099A38 /* MovesView.storyboard in Resources */,
				A38B12EC2B4EE87A003D33D8 /* Assets.xcassets in Resources */,
				E1FD8A8D2BEBCED2007D96DE /* PokemonGb-RAeo.ttf in Resources */,
				F7597CE02BD6C1CE00F2816A /* FavoritesView.storyboard in Resources */,
				F7EDCAB02BCEDD15000EAAD1 /* MyTeamView.storyboard in Resources */,
				E1FD8A862BEBC000007D96DE /* MyTeamDetailView.storyboard in Resources */,
				A38B12EA2B4EE879003D33D8 /* Main.storyboard in Resources */,
				F7370D802BEBBE4B00099A38 /* PokemonMovesCell.xib in Resources */,
				E1FD8A822BE07A92007D96DE /* MyTeamTableViewCell.xib in Resources */,
			);
			runOnlyForDeploymentPostprocessing = 0;
		};
/* End PBXResourcesBuildPhase section */

/* Begin PBXSourcesBuildPhase section */
		A38B12DB2B4EE879003D33D8 /* Sources */ = {
			isa = PBXSourcesBuildPhase;
			buildActionMask = 2147483647;
			files = (
				EA3BA81C2BD2BB1800E35E6A /* DamageRelations.swift in Sources */,
				A38B12F92B4EEB65003D33D8 /* Pokemon.swift in Sources */,
				A38B13072B4EEFF5003D33D8 /* PokemonGenericSearchResults.swift in Sources */,
				EADF971E2BDBFCFF00E90AC5 /* Moves.swift in Sources */,
				A38B13032B4EEE28003D33D8 /* PokemonController.swift in Sources */,
				F7EDCAAE2BCED6D3000EAAD1 /* MyTeamViewController.swift in Sources */,
				EA934D772BCECDD10070EFC7 /* PokemonCell.swift in Sources */,
				EADF97252BDC055400E90AC5 /* PokemonSpeciesContainer.swift in Sources */,
				A38B13002B4EED94003D33D8 /* PokemonSprites.swift in Sources */,
				F7597CE42BD808D800F2816A /* FavoriteController.swift in Sources */,
				EADF97212BDC01D700E90AC5 /* PokemonAttributeContainer.swift in Sources */,
				A38B12E32B4EE879003D33D8 /* AppDelegate.swift in Sources */,
				E1FD8A812BE07A92007D96DE /* MyTeamTableViewCell.swift in Sources */,
				A38B13052B4EEFB1003D33D8 /* PokemonGenericSearch.swift in Sources */,
				F7597CE22BD6C1F100F2816A /* FavoritesViewController.swift in Sources */,
				E1FD8A842BE13A7D007D96DE /* MyTeamController.swift in Sources */,
				A38B130D2B4EFBD5003D33D8 /* UIImageViewExtension.swift in Sources */,
				EADF97272BDC0A0F00E90AC5 /* PokemonAttribute.swift in Sources */,
				E1FD8A882BEBC05D007D96DE /* TeamDetailViewController.swift in Sources */,
				A38B12E52B4EE879003D33D8 /* SceneDelegate.swift in Sources */,
				F7370D822BEBBE9700099A38 /* PokemonMovesCell.swift in Sources */,
				EA79C4132BE291F500FF1CE6 /* PokemonSpecies.swift in Sources */,
				F7EDCAA82BCED1D2000EAAD1 /* SearchViewController.swift in Sources */,
				F74E6BA52BD2B516001E3C27 /* PokemonDetailViewController.swift in Sources */,
				F7370D7E2BEA7D2C00099A38 /* MovesViewController.swift in Sources */,
				A38B12FC2B4EED69003D33D8 /* PokemonTypeContainer.swift in Sources */,
				F78027C02BD2F5BB0090B631 /* RoundedShape.swift in Sources */,
				F78027CA2BD30B740090B631 /* PokemonImageView.swift in Sources */,
				F74E6BA92BD2C066001E3C27 /* PokemonStatusChart.swift in Sources */,
				A38B13092B4EF1CB003D33D8 /* API.swift in Sources */,
				F7EDCAA42BCECCBD000EAAD1 /* TabBarViewController.swift in Sources */,
				F78027C32BD2FA9E0090B631 /* PokemonTypesView.swift in Sources */,
				A38B12FE2B4EED7C003D33D8 /* PokemonType.swift in Sources */,
				F7E56FBD2BED27C600F038EE /* PixelFont.swift in Sources */,
				EA101FF52BD6BF070089F0BE /* EvolutionChain.swift in Sources */,
			);
			runOnlyForDeploymentPostprocessing = 0;
		};
/* End PBXSourcesBuildPhase section */

/* Begin PBXVariantGroup section */
		A38B12E82B4EE879003D33D8 /* Main.storyboard */ = {
			isa = PBXVariantGroup;
			children = (
				A38B12E92B4EE879003D33D8 /* Base */,
			);
			name = Main.storyboard;
			sourceTree = "<group>";
		};
		A38B12ED2B4EE87A003D33D8 /* LaunchScreen.storyboard */ = {
			isa = PBXVariantGroup;
			children = (
				A38B12EE2B4EE87A003D33D8 /* Base */,
			);
			name = LaunchScreen.storyboard;
			sourceTree = "<group>";
		};
/* End PBXVariantGroup section */

/* Begin XCBuildConfiguration section */
		A38B12F12B4EE87A003D33D8 /* Debug */ = {
			isa = XCBuildConfiguration;
			buildSettings = {
				ALWAYS_SEARCH_USER_PATHS = NO;
				ASSETCATALOG_COMPILER_GENERATE_SWIFT_ASSET_SYMBOL_EXTENSIONS = YES;
				CLANG_ANALYZER_NONNULL = YES;
				CLANG_ANALYZER_NUMBER_OBJECT_CONVERSION = YES_AGGRESSIVE;
				CLANG_CXX_LANGUAGE_STANDARD = "gnu++20";
				CLANG_ENABLE_MODULES = YES;
				CLANG_ENABLE_OBJC_ARC = YES;
				CLANG_ENABLE_OBJC_WEAK = YES;
				CLANG_WARN_BLOCK_CAPTURE_AUTORELEASING = YES;
				CLANG_WARN_BOOL_CONVERSION = YES;
				CLANG_WARN_COMMA = YES;
				CLANG_WARN_CONSTANT_CONVERSION = YES;
				CLANG_WARN_DEPRECATED_OBJC_IMPLEMENTATIONS = YES;
				CLANG_WARN_DIRECT_OBJC_ISA_USAGE = YES_ERROR;
				CLANG_WARN_DOCUMENTATION_COMMENTS = YES;
				CLANG_WARN_EMPTY_BODY = YES;
				CLANG_WARN_ENUM_CONVERSION = YES;
				CLANG_WARN_INFINITE_RECURSION = YES;
				CLANG_WARN_INT_CONVERSION = YES;
				CLANG_WARN_NON_LITERAL_NULL_CONVERSION = YES;
				CLANG_WARN_OBJC_IMPLICIT_RETAIN_SELF = YES;
				CLANG_WARN_OBJC_LITERAL_CONVERSION = YES;
				CLANG_WARN_OBJC_ROOT_CLASS = YES_ERROR;
				CLANG_WARN_QUOTED_INCLUDE_IN_FRAMEWORK_HEADER = YES;
				CLANG_WARN_RANGE_LOOP_ANALYSIS = YES;
				CLANG_WARN_STRICT_PROTOTYPES = YES;
				CLANG_WARN_SUSPICIOUS_MOVE = YES;
				CLANG_WARN_UNGUARDED_AVAILABILITY = YES_AGGRESSIVE;
				CLANG_WARN_UNREACHABLE_CODE = YES;
				CLANG_WARN__DUPLICATE_METHOD_MATCH = YES;
				COPY_PHASE_STRIP = NO;
				DEBUG_INFORMATION_FORMAT = dwarf;
				ENABLE_STRICT_OBJC_MSGSEND = YES;
				ENABLE_TESTABILITY = YES;
				ENABLE_USER_SCRIPT_SANDBOXING = YES;
				GCC_C_LANGUAGE_STANDARD = gnu17;
				GCC_DYNAMIC_NO_PIC = NO;
				GCC_NO_COMMON_BLOCKS = YES;
				GCC_OPTIMIZATION_LEVEL = 0;
				GCC_PREPROCESSOR_DEFINITIONS = (
					"DEBUG=1",
					"$(inherited)",
				);
				GCC_WARN_64_TO_32_BIT_CONVERSION = YES;
				GCC_WARN_ABOUT_RETURN_TYPE = YES_ERROR;
				GCC_WARN_UNDECLARED_SELECTOR = YES;
				GCC_WARN_UNINITIALIZED_AUTOS = YES_AGGRESSIVE;
				GCC_WARN_UNUSED_FUNCTION = YES;
				GCC_WARN_UNUSED_VARIABLE = YES;
				IPHONEOS_DEPLOYMENT_TARGET = 17.0;
				LOCALIZATION_PREFERS_STRING_CATALOGS = YES;
				MTL_ENABLE_DEBUG_INFO = INCLUDE_SOURCE;
				MTL_FAST_MATH = YES;
				ONLY_ACTIVE_ARCH = YES;
				SDKROOT = iphoneos;
				SWIFT_ACTIVE_COMPILATION_CONDITIONS = "DEBUG $(inherited)";
				SWIFT_OPTIMIZATION_LEVEL = "-Onone";
			};
			name = Debug;
		};
		A38B12F22B4EE87A003D33D8 /* Release */ = {
			isa = XCBuildConfiguration;
			buildSettings = {
				ALWAYS_SEARCH_USER_PATHS = NO;
				ASSETCATALOG_COMPILER_GENERATE_SWIFT_ASSET_SYMBOL_EXTENSIONS = YES;
				CLANG_ANALYZER_NONNULL = YES;
				CLANG_ANALYZER_NUMBER_OBJECT_CONVERSION = YES_AGGRESSIVE;
				CLANG_CXX_LANGUAGE_STANDARD = "gnu++20";
				CLANG_ENABLE_MODULES = YES;
				CLANG_ENABLE_OBJC_ARC = YES;
				CLANG_ENABLE_OBJC_WEAK = YES;
				CLANG_WARN_BLOCK_CAPTURE_AUTORELEASING = YES;
				CLANG_WARN_BOOL_CONVERSION = YES;
				CLANG_WARN_COMMA = YES;
				CLANG_WARN_CONSTANT_CONVERSION = YES;
				CLANG_WARN_DEPRECATED_OBJC_IMPLEMENTATIONS = YES;
				CLANG_WARN_DIRECT_OBJC_ISA_USAGE = YES_ERROR;
				CLANG_WARN_DOCUMENTATION_COMMENTS = YES;
				CLANG_WARN_EMPTY_BODY = YES;
				CLANG_WARN_ENUM_CONVERSION = YES;
				CLANG_WARN_INFINITE_RECURSION = YES;
				CLANG_WARN_INT_CONVERSION = YES;
				CLANG_WARN_NON_LITERAL_NULL_CONVERSION = YES;
				CLANG_WARN_OBJC_IMPLICIT_RETAIN_SELF = YES;
				CLANG_WARN_OBJC_LITERAL_CONVERSION = YES;
				CLANG_WARN_OBJC_ROOT_CLASS = YES_ERROR;
				CLANG_WARN_QUOTED_INCLUDE_IN_FRAMEWORK_HEADER = YES;
				CLANG_WARN_RANGE_LOOP_ANALYSIS = YES;
				CLANG_WARN_STRICT_PROTOTYPES = YES;
				CLANG_WARN_SUSPICIOUS_MOVE = YES;
				CLANG_WARN_UNGUARDED_AVAILABILITY = YES_AGGRESSIVE;
				CLANG_WARN_UNREACHABLE_CODE = YES;
				CLANG_WARN__DUPLICATE_METHOD_MATCH = YES;
				COPY_PHASE_STRIP = NO;
				DEBUG_INFORMATION_FORMAT = "dwarf-with-dsym";
				ENABLE_NS_ASSERTIONS = NO;
				ENABLE_STRICT_OBJC_MSGSEND = YES;
				ENABLE_USER_SCRIPT_SANDBOXING = YES;
				GCC_C_LANGUAGE_STANDARD = gnu17;
				GCC_NO_COMMON_BLOCKS = YES;
				GCC_WARN_64_TO_32_BIT_CONVERSION = YES;
				GCC_WARN_ABOUT_RETURN_TYPE = YES_ERROR;
				GCC_WARN_UNDECLARED_SELECTOR = YES;
				GCC_WARN_UNINITIALIZED_AUTOS = YES_AGGRESSIVE;
				GCC_WARN_UNUSED_FUNCTION = YES;
				GCC_WARN_UNUSED_VARIABLE = YES;
				IPHONEOS_DEPLOYMENT_TARGET = 17.0;
				LOCALIZATION_PREFERS_STRING_CATALOGS = YES;
				MTL_ENABLE_DEBUG_INFO = NO;
				MTL_FAST_MATH = YES;
				SDKROOT = iphoneos;
				SWIFT_COMPILATION_MODE = wholemodule;
				VALIDATE_PRODUCT = YES;
			};
			name = Release;
		};
		A38B12F42B4EE87A003D33D8 /* Debug */ = {
			isa = XCBuildConfiguration;
			buildSettings = {
				ASSETCATALOG_COMPILER_APPICON_NAME = AppIcon;
				ASSETCATALOG_COMPILER_GLOBAL_ACCENT_COLOR_NAME = AccentColor;
				CODE_SIGN_STYLE = Automatic;
				CURRENT_PROJECT_VERSION = 1;
				DEVELOPMENT_TEAM = 675SH673K8;
				GENERATE_INFOPLIST_FILE = YES;
				INFOPLIST_FILE = Pokedex/Info.plist;
				INFOPLIST_KEY_UIApplicationSupportsIndirectInputEvents = YES;
				INFOPLIST_KEY_UILaunchStoryboardName = LaunchScreen;
				INFOPLIST_KEY_UIMainStoryboardFile = Main;
				INFOPLIST_KEY_UISupportedInterfaceOrientations_iPad = "UIInterfaceOrientationPortrait UIInterfaceOrientationPortraitUpsideDown UIInterfaceOrientationLandscapeLeft UIInterfaceOrientationLandscapeRight";
				INFOPLIST_KEY_UISupportedInterfaceOrientations_iPhone = "UIInterfaceOrientationPortrait UIInterfaceOrientationLandscapeLeft UIInterfaceOrientationLandscapeRight";
				LD_RUNPATH_SEARCH_PATHS = (
					"$(inherited)",
					"@executable_path/Frameworks",
				);
				MARKETING_VERSION = 1.0;
				PRODUCT_BUNDLE_IDENTIFIER = com.braydenlemke.Pokedex;
				PRODUCT_NAME = "$(TARGET_NAME)";
				SWIFT_EMIT_LOC_STRINGS = YES;
				SWIFT_VERSION = 5.0;
				TARGETED_DEVICE_FAMILY = "1,2";
			};
			name = Debug;
		};
		A38B12F52B4EE87A003D33D8 /* Release */ = {
			isa = XCBuildConfiguration;
			buildSettings = {
				ASSETCATALOG_COMPILER_APPICON_NAME = AppIcon;
				ASSETCATALOG_COMPILER_GLOBAL_ACCENT_COLOR_NAME = AccentColor;
				CODE_SIGN_STYLE = Automatic;
				CURRENT_PROJECT_VERSION = 1;
				DEVELOPMENT_TEAM = 675SH673K8;
				GENERATE_INFOPLIST_FILE = YES;
				INFOPLIST_FILE = Pokedex/Info.plist;
				INFOPLIST_KEY_UIApplicationSupportsIndirectInputEvents = YES;
				INFOPLIST_KEY_UILaunchStoryboardName = LaunchScreen;
				INFOPLIST_KEY_UIMainStoryboardFile = Main;
				INFOPLIST_KEY_UISupportedInterfaceOrientations_iPad = "UIInterfaceOrientationPortrait UIInterfaceOrientationPortraitUpsideDown UIInterfaceOrientationLandscapeLeft UIInterfaceOrientationLandscapeRight";
				INFOPLIST_KEY_UISupportedInterfaceOrientations_iPhone = "UIInterfaceOrientationPortrait UIInterfaceOrientationLandscapeLeft UIInterfaceOrientationLandscapeRight";
				LD_RUNPATH_SEARCH_PATHS = (
					"$(inherited)",
					"@executable_path/Frameworks",
				);
				MARKETING_VERSION = 1.0;
				PRODUCT_BUNDLE_IDENTIFIER = com.braydenlemke.Pokedex;
				PRODUCT_NAME = "$(TARGET_NAME)";
				SWIFT_EMIT_LOC_STRINGS = YES;
				SWIFT_VERSION = 5.0;
				TARGETED_DEVICE_FAMILY = "1,2";
			};
			name = Release;
		};
/* End XCBuildConfiguration section */

/* Begin XCConfigurationList section */
		A38B12DA2B4EE879003D33D8 /* Build configuration list for PBXProject "Pokedex" */ = {
			isa = XCConfigurationList;
			buildConfigurations = (
				A38B12F12B4EE87A003D33D8 /* Debug */,
				A38B12F22B4EE87A003D33D8 /* Release */,
			);
			defaultConfigurationIsVisible = 0;
			defaultConfigurationName = Release;
		};
		A38B12F32B4EE87A003D33D8 /* Build configuration list for PBXNativeTarget "Pokedex" */ = {
			isa = XCConfigurationList;
			buildConfigurations = (
				A38B12F42B4EE87A003D33D8 /* Debug */,
				A38B12F52B4EE87A003D33D8 /* Release */,
			);
			defaultConfigurationIsVisible = 0;
			defaultConfigurationName = Release;
		};
/* End XCConfigurationList section */
	};
	rootObject = A38B12D72B4EE879003D33D8 /* Project object */;
}
